{
  "name": "oats-example",
  "version": "1.0.0",
  "lockfileVersion": 1,
  "requires": true,
  "dependencies": {
    "@cspotcode/source-map-consumer": {
      "version": "0.8.0",
      "resolved": "https://registry.npmjs.org/@cspotcode/source-map-consumer/-/source-map-consumer-0.8.0.tgz",
      "integrity": "sha512-41qniHzTU8yAGbCp04ohlmSrZf8bkf/iJsl3V0dRGsQN/5GFfx+LbCSsCpp2gqrqjTVg/K6O8ycoV35JIwAzAg=="
    },
    "@cspotcode/source-map-support": {
      "version": "0.7.0",
      "resolved": "https://registry.npmjs.org/@cspotcode/source-map-support/-/source-map-support-0.7.0.tgz",
      "integrity": "sha512-X4xqRHqN8ACt2aHVe51OxeA2HjbcL4MqFqXkrmQszJ1NOUuUu5u6Vqx/0lZSVNku7velL5FC/s5uEAj1lsBMhA==",
      "requires": {
        "@cspotcode/source-map-consumer": "0.8.0"
      }
    },
    "@oats-ts/generator": {
      "version": "0.0.17",
      "resolved": "https://registry.npmjs.org/@oats-ts/generator/-/generator-0.0.17.tgz",
      "integrity": "sha512-RQdMXJTVNeezDp2T6XXGMID7Pj94gXGkC3gwgXBHUeqIDVlOxI1q5fGE2geLEsfqRQv2/uJSRHFoZYzDtw3XBQ==",
      "requires": {
        "@oats-ts/validators": "0.0.17",
        "chalk": "4.1.1",
        "lodash": "4.17.21"
      }
    },
    "@oats-ts/json-schema-common": {
      "version": "0.0.17",
      "resolved": "https://registry.npmjs.org/@oats-ts/json-schema-common/-/json-schema-common-0.0.17.tgz",
      "integrity": "sha512-aSttlBOtHbP3sBJpFs4WLWvMw1GVPxSZKye2J1Kv4ujg+aIPUvOd0mpYX2qwk//WN8LYJNdi13/y6X26s6j5oA==",
      "requires": {
        "@oats-ts/json-schema-model": "0.0.17",
        "@oats-ts/model-common": "0.0.17",
        "lodash": "4.17.21"
      }
    },
    "@oats-ts/json-schema-model": {
      "version": "0.0.17",
      "resolved": "https://registry.npmjs.org/@oats-ts/json-schema-model/-/json-schema-model-0.0.17.tgz",
      "integrity": "sha512-HExlvDIJ923frBwycPaPKfrkDZ0NGwP4Wvq8ugWCT4z9Io939JGsSQZ97pPJZj5tzHqNMGFuxPmhRpRkb036aw=="
    },
    "@oats-ts/json-schema-type-guards-generator": {
      "version": "0.0.17",
      "resolved": "https://registry.npmjs.org/@oats-ts/json-schema-type-guards-generator/-/json-schema-type-guards-generator-0.0.17.tgz",
      "integrity": "sha512-wmmEOFcdMi1o1S6ImtITLzW5iEoSxlsXQzDQ9RavLzda6McWYPU2ySzWtdEqCJAzpr26u3zlESLYAvLP+gfu/w==",
      "requires": {
        "@oats-ts/generator": "0.0.17",
        "@oats-ts/json-schema-common": "0.0.17",
        "@oats-ts/json-schema-model": "0.0.17",
        "@oats-ts/model-common": "0.0.17",
        "@oats-ts/typescript-common": "0.0.17",
        "@oats-ts/typescript-writer": "0.0.17",
        "@oats-ts/validators": "0.0.17",
        "lodash": "4.17.21",
        "typescript": "4.3.5"
      },
      "dependencies": {
        "typescript": {
          "version": "4.3.5",
          "resolved": "https://registry.npmjs.org/typescript/-/typescript-4.3.5.tgz",
          "integrity": "sha512-DqQgihaQ9cUrskJo9kIyW/+g0Vxsk8cDtZ52a3NGh0YNTfpUSArXSohyUGnvbPazEPLu398C0UxmKSOrPumUzA=="
        }
      }
    },
    "@oats-ts/json-schema-types-generator": {
      "version": "0.0.17",
      "resolved": "https://registry.npmjs.org/@oats-ts/json-schema-types-generator/-/json-schema-types-generator-0.0.17.tgz",
      "integrity": "sha512-icLr+/O/3H5ViEO0l5I8hUS5HjojLb2YX2PctpBQALRNVCVg8g74YRu36DVgrO5BaP01bjxWok+A8gEEf8atRw==",
      "requires": {
        "@oats-ts/generator": "0.0.17",
        "@oats-ts/json-schema-common": "0.0.17",
        "@oats-ts/json-schema-model": "0.0.17",
        "@oats-ts/model-common": "0.0.17",
        "@oats-ts/typescript-common": "0.0.17",
        "@oats-ts/typescript-writer": "0.0.17",
        "lodash": "4.17.21",
        "typescript": "4.3.5"
      },
      "dependencies": {
        "typescript": {
          "version": "4.3.5",
          "resolved": "https://registry.npmjs.org/typescript/-/typescript-4.3.5.tgz",
          "integrity": "sha512-DqQgihaQ9cUrskJo9kIyW/+g0Vxsk8cDtZ52a3NGh0YNTfpUSArXSohyUGnvbPazEPLu398C0UxmKSOrPumUzA=="
        }
      }
    },
    "@oats-ts/json-schema-validators-generator": {
      "version": "0.0.17",
      "resolved": "https://registry.npmjs.org/@oats-ts/json-schema-validators-generator/-/json-schema-validators-generator-0.0.17.tgz",
      "integrity": "sha512-6deaQhv8JUgn/1/aXint7MyYh4r9by5EnPEqt9saT1z3YF0ZmJN9AQiWjFS99Cq5rNEjIrnYQFebb4m8glZYbA==",
      "requires": {
        "@oats-ts/generator": "0.0.17",
        "@oats-ts/json-schema-common": "0.0.17",
        "@oats-ts/json-schema-model": "0.0.17",
        "@oats-ts/model-common": "0.0.17",
        "@oats-ts/typescript-common": "0.0.17",
        "@oats-ts/typescript-writer": "0.0.17",
        "@oats-ts/validators": "0.0.17",
        "lodash": "4.17.21",
        "typescript": "4.3.5"
      },
      "dependencies": {
        "typescript": {
          "version": "4.3.5",
          "resolved": "https://registry.npmjs.org/typescript/-/typescript-4.3.5.tgz",
          "integrity": "sha512-DqQgihaQ9cUrskJo9kIyW/+g0Vxsk8cDtZ52a3NGh0YNTfpUSArXSohyUGnvbPazEPLu398C0UxmKSOrPumUzA=="
        }
      }
    },
    "@oats-ts/model-common": {
      "version": "0.0.17",
      "resolved": "https://registry.npmjs.org/@oats-ts/model-common/-/model-common-0.0.17.tgz",
      "integrity": "sha512-bF7DF8/htgGtWtfi9/2HtRFSjXKC36FxLyv8miTLQuGIr1RIioRrDsMbTEFU7xKRZj4N9cZ2mxz4jvH30hjroA==",
      "requires": {
        "@oats-ts/generator": "0.0.17",
        "@oats-ts/json-schema-model": "0.0.17",
        "lodash": "4.17.21",
        "typescript": "4.3.5"
      },
      "dependencies": {
        "typescript": {
          "version": "4.3.5",
          "resolved": "https://registry.npmjs.org/typescript/-/typescript-4.3.5.tgz",
          "integrity": "sha512-DqQgihaQ9cUrskJo9kIyW/+g0Vxsk8cDtZ52a3NGh0YNTfpUSArXSohyUGnvbPazEPLu398C0UxmKSOrPumUzA=="
        }
      }
    },
    "@oats-ts/openapi": {
      "version": "0.0.17",
      "resolved": "https://registry.npmjs.org/@oats-ts/openapi/-/openapi-0.0.17.tgz",
      "integrity": "sha512-L3JihRBnUUzsxyVKogDPaR0zqkVDXVFVyAivscE6H8ve4xJY9GSpAV95tQpwh94ii9N/oFiyUKI7x/piWk0u+w==",
      "requires": {
        "@oats-ts/generator": "0.0.17",
        "@oats-ts/json-schema-common": "0.0.17",
        "@oats-ts/json-schema-model": "0.0.17",
        "@oats-ts/json-schema-type-guards-generator": "0.0.17",
        "@oats-ts/json-schema-types-generator": "0.0.17",
        "@oats-ts/json-schema-validators-generator": "0.0.17",
        "@oats-ts/model-common": "0.0.17",
        "@oats-ts/openapi-api-type-generator": "0.0.17",
        "@oats-ts/openapi-common": "0.0.17",
        "@oats-ts/openapi-express-routes-generator": "0.0.17",
        "@oats-ts/openapi-http": "0.0.17",
        "@oats-ts/openapi-model": "0.0.17",
        "@oats-ts/openapi-operations-generator": "0.0.17",
        "@oats-ts/openapi-parameter-deserialization": "0.0.17",
        "@oats-ts/openapi-parameter-deserializers-generator": "0.0.17",
        "@oats-ts/openapi-parameter-serialization": "0.0.17",
        "@oats-ts/openapi-parameter-serializers-generator": "0.0.17",
        "@oats-ts/openapi-parameter-types-generator": "0.0.17",
        "@oats-ts/openapi-reader": "0.0.17",
        "@oats-ts/openapi-request-types-generator": "0.0.17",
        "@oats-ts/openapi-response-types-generator": "0.0.17",
        "@oats-ts/openapi-sdk-generator": "0.0.17",
        "@oats-ts/openapi-validator": "0.0.17",
        "@oats-ts/openapi-validators-generator": "0.0.17",
        "@oats-ts/typescript-writer": "0.0.17",
        "@oats-ts/validators": "0.0.17"
      }
    },
    "@oats-ts/openapi-api-type-generator": {
      "version": "0.0.17",
      "resolved": "https://registry.npmjs.org/@oats-ts/openapi-api-type-generator/-/openapi-api-type-generator-0.0.17.tgz",
      "integrity": "sha512-q4MEhjinBXlRu6LoFyhWSS7qpUFSOm+9D72cx6RQx/ngE6pgIqZpSKrjt15GhgVFpqy3MtX93kfFOdr8fBv/Gw==",
      "requires": {
        "@oats-ts/generator": "0.0.17",
        "@oats-ts/json-schema-model": "0.0.17",
        "@oats-ts/openapi-common": "0.0.17",
        "@oats-ts/openapi-model": "0.0.17",
        "@oats-ts/openapi-reader": "0.0.17",
        "@oats-ts/typescript-common": "0.0.17",
        "@oats-ts/typescript-writer": "0.0.17",
        "@oats-ts/validators": "0.0.17",
        "lodash": "4.17.21",
        "typescript": "4.3.5"
      },
      "dependencies": {
        "typescript": {
          "version": "4.3.5",
          "resolved": "https://registry.npmjs.org/typescript/-/typescript-4.3.5.tgz",
          "integrity": "sha512-DqQgihaQ9cUrskJo9kIyW/+g0Vxsk8cDtZ52a3NGh0YNTfpUSArXSohyUGnvbPazEPLu398C0UxmKSOrPumUzA=="
        }
      }
    },
    "@oats-ts/openapi-common": {
      "version": "0.0.17",
      "resolved": "https://registry.npmjs.org/@oats-ts/openapi-common/-/openapi-common-0.0.17.tgz",
      "integrity": "sha512-0niMVzw0ZZNqU3umt1BLXDciqGlY4+9v09yG2/u9Sy71/mKUIZ/Q48ip5TOaDfIoZ/EEFrxShyobfCUeN1+BEQ==",
      "requires": {
        "@oats-ts/generator": "0.0.17",
        "@oats-ts/json-schema-common": "0.0.17",
        "@oats-ts/json-schema-model": "0.0.17",
        "@oats-ts/model-common": "0.0.17",
        "@oats-ts/openapi-http": "0.0.17",
        "@oats-ts/openapi-model": "0.0.17",
        "@oats-ts/openapi-reader": "0.0.17",
        "@oats-ts/typescript-writer": "0.0.17",
        "@oats-ts/validators": "0.0.17",
        "camelcase": "6.2.0",
        "lodash": "4.17.21",
        "pascalcase": "1.0.0",
        "typescript": "4.3.5"
      },
      "dependencies": {
        "typescript": {
          "version": "4.3.5",
          "resolved": "https://registry.npmjs.org/typescript/-/typescript-4.3.5.tgz",
          "integrity": "sha512-DqQgihaQ9cUrskJo9kIyW/+g0Vxsk8cDtZ52a3NGh0YNTfpUSArXSohyUGnvbPazEPLu398C0UxmKSOrPumUzA=="
        }
      }
    },
    "@oats-ts/openapi-express-routes-generator": {
      "version": "0.0.17",
      "resolved": "https://registry.npmjs.org/@oats-ts/openapi-express-routes-generator/-/openapi-express-routes-generator-0.0.17.tgz",
      "integrity": "sha512-qgXsl2x9rzosD6zG6N4J+Sqb3Zf7vZabHV+b8f3VoMI5ujDkSOxfQue4t6Gh4uWP0ZoiUtUhgFd61kXgz8Oq/g==",
      "requires": {
        "@oats-ts/generator": "0.0.17",
        "@oats-ts/json-schema-model": "0.0.17",
        "@oats-ts/openapi-common": "0.0.17",
        "@oats-ts/openapi-model": "0.0.17",
        "@oats-ts/openapi-parameter-common": "0.0.17",
        "@oats-ts/openapi-reader": "0.0.17",
        "@oats-ts/typescript-common": "0.0.17",
        "@oats-ts/typescript-writer": "0.0.17",
        "@oats-ts/validators": "0.0.17",
        "lodash": "4.17.21",
        "typescript": "4.3.5"
      },
      "dependencies": {
        "typescript": {
          "version": "4.3.5",
          "resolved": "https://registry.npmjs.org/typescript/-/typescript-4.3.5.tgz",
          "integrity": "sha512-DqQgihaQ9cUrskJo9kIyW/+g0Vxsk8cDtZ52a3NGh0YNTfpUSArXSohyUGnvbPazEPLu398C0UxmKSOrPumUzA=="
        }
      }
    },
    "@oats-ts/openapi-http": {
      "version": "0.0.17",
      "resolved": "https://registry.npmjs.org/@oats-ts/openapi-http/-/openapi-http-0.0.17.tgz",
      "integrity": "sha512-SJ+us5IdEeA2KBmus3T9iCmaQnVzGvsuIZQ+4/18wbJj0UZEY8ZCtTQvFzvD20Csg/E57H5KKyvtytsYfuVprw==",
      "requires": {
        "@oats-ts/try": "0.0.17",
        "@oats-ts/validators": "0.0.17"
      }
    },
    "@oats-ts/openapi-model": {
      "version": "0.0.17",
      "resolved": "https://registry.npmjs.org/@oats-ts/openapi-model/-/openapi-model-0.0.17.tgz",
      "integrity": "sha512-MCYAEAjpEqw5YrYIkw+ZgjAXuMRnlDjlPWCoGV3hssf4Y/JU1FzJa5DvjY6uG7X9VtVZmLCccYaevJu7M+zEBQ==",
      "requires": {
        "@oats-ts/json-schema-model": "0.0.17"
      }
    },
    "@oats-ts/openapi-operations-generator": {
      "version": "0.0.17",
      "resolved": "https://registry.npmjs.org/@oats-ts/openapi-operations-generator/-/openapi-operations-generator-0.0.17.tgz",
      "integrity": "sha512-m5PPgj8Nav7oQfo3kAO6iUtlENbt7q7Xxsd5VsTA9WB+3dwCdswnRJTbs4EWhB7Gb0ssP4tI1ScMwrpYMzgUHA==",
      "requires": {
        "@oats-ts/generator": "0.0.17",
        "@oats-ts/json-schema-model": "0.0.17",
        "@oats-ts/openapi-common": "0.0.17",
        "@oats-ts/openapi-model": "0.0.17",
        "@oats-ts/openapi-reader": "0.0.17",
        "@oats-ts/typescript-common": "0.0.17",
        "@oats-ts/typescript-writer": "0.0.17",
        "@oats-ts/validators": "0.0.17",
        "lodash": "4.17.21",
        "typescript": "4.3.5"
      },
      "dependencies": {
        "typescript": {
          "version": "4.3.5",
          "resolved": "https://registry.npmjs.org/typescript/-/typescript-4.3.5.tgz",
          "integrity": "sha512-DqQgihaQ9cUrskJo9kIyW/+g0Vxsk8cDtZ52a3NGh0YNTfpUSArXSohyUGnvbPazEPLu398C0UxmKSOrPumUzA=="
        }
      }
    },
    "@oats-ts/openapi-parameter-common": {
      "version": "0.0.17",
      "resolved": "https://registry.npmjs.org/@oats-ts/openapi-parameter-common/-/openapi-parameter-common-0.0.17.tgz",
      "integrity": "sha512-AiNxYjYSn7GglSMC108H3Qzo9+vcBw8QDXWIzBHXF24Y30xTc4LG479bgGgHLXb0F9W4Ur9dZV8x43z4hJ3ZsQ=="
    },
    "@oats-ts/openapi-parameter-deserialization": {
      "version": "0.0.17",
      "resolved": "https://registry.npmjs.org/@oats-ts/openapi-parameter-deserialization/-/openapi-parameter-deserialization-0.0.17.tgz",
      "integrity": "sha512-UmFwd0bll9NG568yftE7j6WRGwqJzjGaGgxLXWy1uuNHEdwsho/roqwCqVYOoHb23Icxm+eBu5Jw9IfIFnamEw==",
      "requires": {
        "@oats-ts/openapi-parameter-common": "0.0.17",
        "@oats-ts/try": "0.0.17"
      }
    },
    "@oats-ts/openapi-parameter-deserializers-generator": {
      "version": "0.0.17",
      "resolved": "https://registry.npmjs.org/@oats-ts/openapi-parameter-deserializers-generator/-/openapi-parameter-deserializers-generator-0.0.17.tgz",
      "integrity": "sha512-Zko4XGV/+ECV0rsx7eB6RYTtz9/MrkT8zANBeb7wFlB74EDDpuwDIZuuuGOHTLD6+LPdBUpiV3EttjRBASQlIQ==",
      "requires": {
        "@oats-ts/generator": "0.0.17",
        "@oats-ts/json-schema-common": "0.0.17",
        "@oats-ts/json-schema-model": "0.0.17",
        "@oats-ts/openapi-common": "0.0.17",
        "@oats-ts/openapi-model": "0.0.17",
        "@oats-ts/openapi-parameter-common": "0.0.17",
        "@oats-ts/openapi-reader": "0.0.17",
        "@oats-ts/typescript-common": "0.0.17",
        "@oats-ts/typescript-writer": "0.0.17",
        "@oats-ts/validators": "0.0.17",
        "lodash": "4.17.21",
        "path-to-regexp": "6.2.0",
        "typescript": "4.3.5"
      },
      "dependencies": {
        "typescript": {
          "version": "4.3.5",
          "resolved": "https://registry.npmjs.org/typescript/-/typescript-4.3.5.tgz",
          "integrity": "sha512-DqQgihaQ9cUrskJo9kIyW/+g0Vxsk8cDtZ52a3NGh0YNTfpUSArXSohyUGnvbPazEPLu398C0UxmKSOrPumUzA=="
        }
      }
    },
    "@oats-ts/openapi-parameter-serialization": {
      "version": "0.0.17",
      "resolved": "https://registry.npmjs.org/@oats-ts/openapi-parameter-serialization/-/openapi-parameter-serialization-0.0.17.tgz",
      "integrity": "sha512-CPCcUfbeEzfYZlrZbLNSiduSSfxMXKqI8dV4TqgLKbkZm5uM2qf+TRqEMQrbgpN1H3P5KOSiBpo4ecT9KNWpMA==",
      "requires": {
        "@oats-ts/openapi-parameter-common": "0.0.17",
        "@oats-ts/try": "0.0.17",
        "@oats-ts/validators": "0.0.17"
      }
    },
    "@oats-ts/openapi-parameter-serializers-generator": {
      "version": "0.0.17",
      "resolved": "https://registry.npmjs.org/@oats-ts/openapi-parameter-serializers-generator/-/openapi-parameter-serializers-generator-0.0.17.tgz",
      "integrity": "sha512-iEAfrErJE1HiTle0qA55KgQ6Aniuu92nM7MUJNu9wzbOGjxoKiYmogLFAE07BxAZIIczO4Unn+y657AaDvIWzQ==",
      "requires": {
        "@oats-ts/generator": "0.0.17",
        "@oats-ts/json-schema-model": "0.0.17",
        "@oats-ts/openapi-common": "0.0.17",
        "@oats-ts/openapi-model": "0.0.17",
        "@oats-ts/openapi-reader": "0.0.17",
        "@oats-ts/typescript-common": "0.0.17",
        "@oats-ts/typescript-writer": "0.0.17",
        "@oats-ts/validators": "0.0.17",
        "lodash": "4.17.21",
        "typescript": "4.3.5"
      },
      "dependencies": {
        "typescript": {
          "version": "4.3.5",
          "resolved": "https://registry.npmjs.org/typescript/-/typescript-4.3.5.tgz",
          "integrity": "sha512-DqQgihaQ9cUrskJo9kIyW/+g0Vxsk8cDtZ52a3NGh0YNTfpUSArXSohyUGnvbPazEPLu398C0UxmKSOrPumUzA=="
        }
      }
    },
    "@oats-ts/openapi-parameter-types-generator": {
      "version": "0.0.17",
      "resolved": "https://registry.npmjs.org/@oats-ts/openapi-parameter-types-generator/-/openapi-parameter-types-generator-0.0.17.tgz",
      "integrity": "sha512-Lr3MYnei98ylaJrsRBPmd7T8zoaVsdoHXfcZVo2norTXMvDirtDM703Gc5qKgCPEY94pSSLOvGxriXPYm6JEhQ==",
      "requires": {
        "@oats-ts/generator": "0.0.17",
        "@oats-ts/json-schema-model": "0.0.17",
        "@oats-ts/model-common": "0.0.17",
        "@oats-ts/openapi-common": "0.0.17",
        "@oats-ts/openapi-model": "0.0.17",
        "@oats-ts/openapi-reader": "0.0.17",
        "@oats-ts/typescript-common": "0.0.17",
        "@oats-ts/typescript-writer": "0.0.17",
        "@oats-ts/validators": "0.0.17",
        "lodash": "4.17.21",
        "typescript": "4.3.5"
      },
      "dependencies": {
        "typescript": {
          "version": "4.3.5",
          "resolved": "https://registry.npmjs.org/typescript/-/typescript-4.3.5.tgz",
          "integrity": "sha512-DqQgihaQ9cUrskJo9kIyW/+g0Vxsk8cDtZ52a3NGh0YNTfpUSArXSohyUGnvbPazEPLu398C0UxmKSOrPumUzA=="
        }
      }
    },
    "@oats-ts/openapi-reader": {
      "version": "0.0.17",
      "resolved": "https://registry.npmjs.org/@oats-ts/openapi-reader/-/openapi-reader-0.0.17.tgz",
      "integrity": "sha512-GSDR+3cJBLAew4AShdGicM2NreP6k+3mXsjR7vMTvyP7uqI0BfRvSfVxAi8+kOfJ+1r7FqnHhKzl7WDRORkQKQ==",
      "requires": {
        "@oats-ts/generator": "0.0.17",
        "@oats-ts/json-schema-common": "0.0.17",
        "@oats-ts/json-schema-model": "0.0.17",
        "@oats-ts/model-common": "0.0.17",
        "@oats-ts/openapi-model": "0.0.17",
        "@oats-ts/validators": "0.0.17",
        "@types/urijs": "1.19.19",
        "@types/valid-url": "1.0.3",
        "@types/yamljs": "0.2.31",
        "lodash": "4.17.21",
        "urijs": "1.19.10",
        "valid-url": "1.0.9",
        "yamljs": "0.3.0"
      }
    },
    "@oats-ts/openapi-request-types-generator": {
      "version": "0.0.17",
      "resolved": "https://registry.npmjs.org/@oats-ts/openapi-request-types-generator/-/openapi-request-types-generator-0.0.17.tgz",
      "integrity": "sha512-qfoKTfpKIaH/UcukV1qJpXsJRoi5ET0UT+yH5vGxEk1N2LbWz4Y2uwzYIlOZFiBt2KnuXFwJVSkfF3XzjTymjA==",
      "requires": {
        "@oats-ts/generator": "0.0.17",
        "@oats-ts/json-schema-model": "0.0.17",
        "@oats-ts/openapi-common": "0.0.17",
        "@oats-ts/openapi-model": "0.0.17",
        "@oats-ts/openapi-reader": "0.0.17",
        "@oats-ts/typescript-common": "0.0.17",
        "@oats-ts/typescript-writer": "0.0.17",
        "lodash": "4.17.21",
        "typescript": "4.3.5"
      },
      "dependencies": {
        "typescript": {
          "version": "4.3.5",
          "resolved": "https://registry.npmjs.org/typescript/-/typescript-4.3.5.tgz",
          "integrity": "sha512-DqQgihaQ9cUrskJo9kIyW/+g0Vxsk8cDtZ52a3NGh0YNTfpUSArXSohyUGnvbPazEPLu398C0UxmKSOrPumUzA=="
        }
      }
    },
    "@oats-ts/openapi-response-types-generator": {
      "version": "0.0.17",
      "resolved": "https://registry.npmjs.org/@oats-ts/openapi-response-types-generator/-/openapi-response-types-generator-0.0.17.tgz",
      "integrity": "sha512-cKEiet9Y9Cq5ej0fLI+sizN0+3GVfVsKHGVZi5tq26EgFwBdAqqmqMbdYq/miX0/xz3fZOhPKnFkyG+OnOJBvA==",
      "requires": {
        "@oats-ts/generator": "0.0.17",
        "@oats-ts/json-schema-model": "0.0.17",
        "@oats-ts/openapi-common": "0.0.17",
        "@oats-ts/openapi-model": "0.0.17",
        "@oats-ts/openapi-reader": "0.0.17",
        "@oats-ts/typescript-common": "0.0.17",
        "@oats-ts/typescript-writer": "0.0.17",
        "@oats-ts/validators": "0.0.17",
        "lodash": "4.17.21",
        "typescript": "4.3.5"
      },
      "dependencies": {
        "typescript": {
          "version": "4.3.5",
          "resolved": "https://registry.npmjs.org/typescript/-/typescript-4.3.5.tgz",
          "integrity": "sha512-DqQgihaQ9cUrskJo9kIyW/+g0Vxsk8cDtZ52a3NGh0YNTfpUSArXSohyUGnvbPazEPLu398C0UxmKSOrPumUzA=="
        }
      }
    },
    "@oats-ts/openapi-sdk-generator": {
      "version": "0.0.17",
      "resolved": "https://registry.npmjs.org/@oats-ts/openapi-sdk-generator/-/openapi-sdk-generator-0.0.17.tgz",
      "integrity": "sha512-7GMfp2LyxZ5S0L82bgK2a8t0Y+L+O059/cvCfq6hZ5rRGuZDqBFaKp6rJsboDKa+HG2nmdtJK8Js9eH272wWMg==",
      "requires": {
        "@oats-ts/generator": "0.0.17",
        "@oats-ts/json-schema-model": "0.0.17",
        "@oats-ts/openapi-common": "0.0.17",
        "@oats-ts/openapi-model": "0.0.17",
        "@oats-ts/openapi-reader": "0.0.17",
        "@oats-ts/typescript-common": "0.0.17",
        "@oats-ts/typescript-writer": "0.0.17",
        "@oats-ts/validators": "0.0.17",
        "lodash": "4.17.21",
        "typescript": "4.3.5"
      },
      "dependencies": {
        "typescript": {
          "version": "4.3.5",
          "resolved": "https://registry.npmjs.org/typescript/-/typescript-4.3.5.tgz",
          "integrity": "sha512-DqQgihaQ9cUrskJo9kIyW/+g0Vxsk8cDtZ52a3NGh0YNTfpUSArXSohyUGnvbPazEPLu398C0UxmKSOrPumUzA=="
        }
      }
    },
    "@oats-ts/openapi-validator": {
      "version": "0.0.17",
      "resolved": "https://registry.npmjs.org/@oats-ts/openapi-validator/-/openapi-validator-0.0.17.tgz",
      "integrity": "sha512-lrfTrjNAeZD1YW+0EmbA+SAqOHYWYT3M8FBeBfwVgT1bnzVy3quA/0DEcuhGwyjenlpnrFgcRw+u8lfx+FNhOQ==",
      "requires": {
        "@oats-ts/generator": "0.0.17",
        "@oats-ts/json-schema-common": "0.0.17",
        "@oats-ts/json-schema-model": "0.0.17",
        "@oats-ts/model-common": "0.0.17",
        "@oats-ts/openapi-common": "0.0.17",
        "@oats-ts/openapi-model": "0.0.17",
        "@oats-ts/openapi-parameter-common": "0.0.17",
        "@oats-ts/openapi-reader": "0.0.17",
        "@oats-ts/validators": "0.0.17",
        "lodash": "4.17.21",
        "typescript": "4.3.5"
      },
      "dependencies": {
        "typescript": {
          "version": "4.3.5",
          "resolved": "https://registry.npmjs.org/typescript/-/typescript-4.3.5.tgz",
          "integrity": "sha512-DqQgihaQ9cUrskJo9kIyW/+g0Vxsk8cDtZ52a3NGh0YNTfpUSArXSohyUGnvbPazEPLu398C0UxmKSOrPumUzA=="
        }
      }
    },
    "@oats-ts/openapi-validators-generator": {
      "version": "0.0.17",
      "resolved": "https://registry.npmjs.org/@oats-ts/openapi-validators-generator/-/openapi-validators-generator-0.0.17.tgz",
      "integrity": "sha512-ELYs49UB0FPpvcNcw5Vv5h/oCw8huZAWE+Pa1X8OL/qtrvA45JJ945LlyeWP/+FadIncZ2cIZ0D175vXs80oOw==",
      "requires": {
        "@oats-ts/generator": "0.0.17",
        "@oats-ts/json-schema-model": "0.0.17",
        "@oats-ts/json-schema-validators-generator": "0.0.17",
        "@oats-ts/model-common": "0.0.17",
        "@oats-ts/openapi-common": "0.0.17",
        "@oats-ts/openapi-model": "0.0.17",
        "@oats-ts/openapi-reader": "0.0.17",
        "@oats-ts/typescript-common": "0.0.17",
        "@oats-ts/typescript-writer": "0.0.17",
        "lodash": "4.17.21",
        "typescript": "4.3.5"
      },
      "dependencies": {
        "typescript": {
          "version": "4.3.5",
          "resolved": "https://registry.npmjs.org/typescript/-/typescript-4.3.5.tgz",
          "integrity": "sha512-DqQgihaQ9cUrskJo9kIyW/+g0Vxsk8cDtZ52a3NGh0YNTfpUSArXSohyUGnvbPazEPLu398C0UxmKSOrPumUzA=="
        }
      }
    },
    "@oats-ts/try": {
      "version": "0.0.17",
      "resolved": "https://registry.npmjs.org/@oats-ts/try/-/try-0.0.17.tgz",
      "integrity": "sha512-8uNiCj/eZpM8HhymvV5IXd3loGHqe1nY9HJWFzlQ8w45sF0xU0l6Kbemn/jQk2pJLx7yk/E5fbJhsvZjwzpvDQ==",
      "requires": {
        "@oats-ts/validators": "0.0.17"
      }
    },
    "@oats-ts/typescript-common": {
      "version": "0.0.17",
      "resolved": "https://registry.npmjs.org/@oats-ts/typescript-common/-/typescript-common-0.0.17.tgz",
      "integrity": "sha512-NwppKDX3vDAQveZO/MUdJf34gRHNP8ovvKsW0iBT3lbKRYHCP85DJRzreGugczFpY133aE5iN8aTeZRrnAglbQ==",
      "requires": {
        "@oats-ts/json-schema-model": "0.0.17",
        "typescript": "4.3.5"
      },
      "dependencies": {
        "typescript": {
          "version": "4.3.5",
          "resolved": "https://registry.npmjs.org/typescript/-/typescript-4.3.5.tgz",
          "integrity": "sha512-DqQgihaQ9cUrskJo9kIyW/+g0Vxsk8cDtZ52a3NGh0YNTfpUSArXSohyUGnvbPazEPLu398C0UxmKSOrPumUzA=="
        }
      }
    },
    "@oats-ts/typescript-writer": {
      "version": "0.0.17",
      "resolved": "https://registry.npmjs.org/@oats-ts/typescript-writer/-/typescript-writer-0.0.17.tgz",
      "integrity": "sha512-dYHki6+Sr0rtI64eZLU+lRHoLv3i23XQX8sReAp+s7shEsE8KhWIUKx/iwM6XK4SupZmeEG+1IACZfOuEM4SFQ==",
      "requires": {
        "@oats-ts/generator": "0.0.17",
        "@oats-ts/json-schema-model": "0.0.17",
        "@types/prettier": "2.2.3",
        "lodash": "4.17.21",
        "prettier": "2.3.1",
        "typescript": "4.3.5"
      },
      "dependencies": {
        "typescript": {
          "version": "4.3.5",
          "resolved": "https://registry.npmjs.org/typescript/-/typescript-4.3.5.tgz",
          "integrity": "sha512-DqQgihaQ9cUrskJo9kIyW/+g0Vxsk8cDtZ52a3NGh0YNTfpUSArXSohyUGnvbPazEPLu398C0UxmKSOrPumUzA=="
        }
      }
    },
    "@oats-ts/validators": {
      "version": "0.0.17",
      "resolved": "https://registry.npmjs.org/@oats-ts/validators/-/validators-0.0.17.tgz",
      "integrity": "sha512-bediDF5ZsDrpkSDYLAwMSTbxN4IXsKxHtw9ELECU5dDqUrwauQbsPs3zTkT+E2IAatNdDL38qaYX5nMRo6fVrw=="
    },
    "@tsconfig/node10": {
      "version": "1.0.8",
      "resolved": "https://registry.npmjs.org/@tsconfig/node10/-/node10-1.0.8.tgz",
      "integrity": "sha512-6XFfSQmMgq0CFLY1MslA/CPUfhIL919M1rMsa5lP2P097N2Wd1sSX0tx1u4olM16fLNhtHZpRhedZJphNJqmZg=="
    },
    "@tsconfig/node12": {
      "version": "1.0.9",
      "resolved": "https://registry.npmjs.org/@tsconfig/node12/-/node12-1.0.9.tgz",
      "integrity": "sha512-/yBMcem+fbvhSREH+s14YJi18sp7J9jpuhYByADT2rypfajMZZN4WQ6zBGgBKp53NKmqI36wFYDb3yaMPurITw=="
    },
    "@tsconfig/node14": {
      "version": "1.0.1",
      "resolved": "https://registry.npmjs.org/@tsconfig/node14/-/node14-1.0.1.tgz",
      "integrity": "sha512-509r2+yARFfHHE7T6Puu2jjkoycftovhXRqW328PDXTVGKihlb1P8Z9mMZH04ebyajfRY7dedfGynlrFHJUQCg=="
    },
    "@tsconfig/node16": {
      "version": "1.0.2",
      "resolved": "https://registry.npmjs.org/@tsconfig/node16/-/node16-1.0.2.tgz",
      "integrity": "sha512-eZxlbI8GZscaGS7kkc/trHTT5xgrjH3/1n2JDwusC9iahPKWMRvRjJSAN5mCXviuTGQ/lHnhvv8Q1YTpnfz9gA=="
    },
    "@types/node": {
      "version": "17.0.21",
      "resolved": "https://registry.npmjs.org/@types/node/-/node-17.0.21.tgz",
      "integrity": "sha512-DBZCJbhII3r90XbQxI8Y9IjjiiOGlZ0Hr32omXIZvwwZ7p4DMMXGrKXVyPfuoBOri9XNtL0UK69jYIBIsRX3QQ==",
      "dev": true
    },
    "@types/prettier": {
      "version": "2.2.3",
      "resolved": "https://registry.npmjs.org/@types/prettier/-/prettier-2.2.3.tgz",
      "integrity": "sha512-PijRCG/K3s3w1We6ynUKdxEc5AcuuH3NBmMDP8uvKVp6X43UY7NQlTzczakXP3DJR0F4dfNQIGjU2cUeRYs2AA=="
    },
    "@types/urijs": {
      "version": "1.19.19",
      "resolved": "https://registry.npmjs.org/@types/urijs/-/urijs-1.19.19.tgz",
      "integrity": "sha512-FDJNkyhmKLw7uEvTxx5tSXfPeQpO0iy73Ry+PmYZJvQy0QIWX8a7kJ4kLWRf+EbTPJEPDSgPXHaM7pzr5lmvCg=="
    },
    "@types/valid-url": {
      "version": "1.0.3",
      "resolved": "https://registry.npmjs.org/@types/valid-url/-/valid-url-1.0.3.tgz",
      "integrity": "sha512-+33x29mg+ecU88ODdWpqaie2upIuRkhujVLA7TuJjM823cNMbeggfI6NhxewaRaRF8dy+g33e4uIg/m5Mb3xDQ=="
    },
    "@types/yamljs": {
      "version": "0.2.31",
      "resolved": "https://registry.npmjs.org/@types/yamljs/-/yamljs-0.2.31.tgz",
      "integrity": "sha512-QcJ5ZczaXAqbVD3o8mw/mEBhRvO5UAdTtbvgwL/OgoWubvNBh6/MxLBAigtcgIFaq3shon9m3POIxQaLQt4fxQ=="
    },
    "acorn": {
      "version": "8.7.0",
      "resolved": "https://registry.npmjs.org/acorn/-/acorn-8.7.0.tgz",
      "integrity": "sha512-V/LGr1APy+PXIwKebEWrkZPwoeoF+w1jiOBUmuxuiUIaOHtob8Qc9BTrYo7VuI5fR8tqsy+buA2WFooR5olqvQ=="
    },
    "acorn-walk": {
      "version": "8.2.0",
      "resolved": "https://registry.npmjs.org/acorn-walk/-/acorn-walk-8.2.0.tgz",
      "integrity": "sha512-k+iyHEuPgSw6SbuDpGQM+06HQUa04DZ3o+F6CSzXMvvI5KMvnaEqXe+YVe555R9nn6GPt404fos4wcgpw12SDA=="
    },
    "ansi-styles": {
      "version": "4.3.0",
      "resolved": "https://registry.npmjs.org/ansi-styles/-/ansi-styles-4.3.0.tgz",
      "integrity": "sha512-zbB9rCJAT1rbjiVDb2hqKFHNYLxgtk8NURxZ3IZwD3F6NtxbXZQCnnSi1Lkx+IDohdPlFp222wVALIheZJQSEg==",
      "requires": {
        "color-convert": "^2.0.1"
      }
    },
    "arg": {
      "version": "4.1.3",
      "resolved": "https://registry.npmjs.org/arg/-/arg-4.1.3.tgz",
      "integrity": "sha512-58S9QDqG0Xx27YwPSt9fJxivjYl432YCwfDMfZ+71RAqUrZef7LrKQZ3LHLOwCS4FLNBplP533Zx895SeOCHvA=="
    },
    "argparse": {
      "version": "1.0.10",
      "resolved": "https://registry.npmjs.org/argparse/-/argparse-1.0.10.tgz",
      "integrity": "sha512-o5Roy6tNG4SL/FOkCAN6RzjiakZS25RLYFrcMttJqbdd8BWrnA+fGz57iN5Pb06pvBGvl5gQ0B48dJlslXvoTg==",
      "requires": {
        "sprintf-js": "~1.0.2"
      }
    },
    "balanced-match": {
      "version": "1.0.2",
      "resolved": "https://registry.npmjs.org/balanced-match/-/balanced-match-1.0.2.tgz",
      "integrity": "sha512-3oSeUO0TMV67hN1AmbXsK4yaqU7tjiHlbxRDZOpH0KW9+CeX4bRAaX0Anxt0tx2MrpRpWwQaPwIlISEJhYU5Pw=="
    },
    "brace-expansion": {
      "version": "1.1.11",
      "resolved": "https://registry.npmjs.org/brace-expansion/-/brace-expansion-1.1.11.tgz",
      "integrity": "sha512-iCuPHDFgrHX7H2vEI/5xpz07zSHB00TpugqhmYtVmMO6518mCuRMoOYFldEBl0g187ufozdaHgWKcYFb61qGiA==",
      "requires": {
        "balanced-match": "^1.0.0",
        "concat-map": "0.0.1"
      }
    },
    "camelcase": {
      "version": "6.2.0",
      "resolved": "https://registry.npmjs.org/camelcase/-/camelcase-6.2.0.tgz",
      "integrity": "sha512-c7wVvbw3f37nuobQNtgsgG9POC9qMbNuMQmTCqZv23b6MIz0fcYpBiOlv9gEN/hdLdnZTDQhg6e9Dq5M1vKvfg=="
    },
    "chalk": {
      "version": "4.1.1",
      "resolved": "https://registry.npmjs.org/chalk/-/chalk-4.1.1.tgz",
      "integrity": "sha512-diHzdDKxcU+bAsUboHLPEDQiw0qEe0qd7SYUn3HgcFlWgbDcfLGswOHYeGrHKzG9z6UYf01d9VFMfZxPM1xZSg==",
      "requires": {
        "ansi-styles": "^4.1.0",
        "supports-color": "^7.1.0"
      }
    },
    "color-convert": {
      "version": "2.0.1",
      "resolved": "https://registry.npmjs.org/color-convert/-/color-convert-2.0.1.tgz",
      "integrity": "sha512-RRECPsj7iu/xb5oKYcsFHSppFNnsj/52OVTRKb4zP5onXwVF3zVmmToNcOfGC+CRDpfK/U584fMg38ZHCaElKQ==",
      "requires": {
        "color-name": "~1.1.4"
      }
    },
    "color-name": {
      "version": "1.1.4",
      "resolved": "https://registry.npmjs.org/color-name/-/color-name-1.1.4.tgz",
      "integrity": "sha512-dOy+3AuW3a2wNbZHIuMZpTcgjGuLU/uBL/ubcZF9OXbDo8ff4O8yVp5Bf0efS8uEoYo5q4Fx7dY9OgQGXgAsQA=="
    },
    "concat-map": {
      "version": "0.0.1",
      "resolved": "https://registry.npmjs.org/concat-map/-/concat-map-0.0.1.tgz",
      "integrity": "sha1-2Klr13/Wjfd5OnMDajug1UBdR3s="
    },
    "create-require": {
      "version": "1.1.1",
      "resolved": "https://registry.npmjs.org/create-require/-/create-require-1.1.1.tgz",
      "integrity": "sha512-dcKFX3jn0MpIaXjisoRvexIJVEKzaq7z2rZKxf+MSr9TkdmHmsU4m2lcLojrj/FHl8mk5VxMmYA+ftRkP/3oKQ=="
    },
    "diff": {
      "version": "4.0.2",
      "resolved": "https://registry.npmjs.org/diff/-/diff-4.0.2.tgz",
      "integrity": "sha512-58lmxKSA4BNyLz+HHMUzlOEpg09FV+ev6ZMe3vJihgdxzgcwZ8VoEEPmALCZG9LmqfVoNMMKpttIYTVG6uDY7A=="
    },
    "fs.realpath": {
      "version": "1.0.0",
      "resolved": "https://registry.npmjs.org/fs.realpath/-/fs.realpath-1.0.0.tgz",
      "integrity": "sha1-FQStJSMVjKpA20onh8sBQRmU6k8="
    },
    "glob": {
      "version": "7.2.0",
      "resolved": "https://registry.npmjs.org/glob/-/glob-7.2.0.tgz",
      "integrity": "sha512-lmLf6gtyrPq8tTjSmrO94wBeQbFR3HbLHbuyD69wuyQkImp2hWqMGB47OX65FBkPffO641IP9jWa1z4ivqG26Q==",
      "requires": {
        "fs.realpath": "^1.0.0",
        "inflight": "^1.0.4",
        "inherits": "2",
        "minimatch": "^3.0.4",
        "once": "^1.3.0",
        "path-is-absolute": "^1.0.0"
      }
    },
    "has-flag": {
      "version": "4.0.0",
      "resolved": "https://registry.npmjs.org/has-flag/-/has-flag-4.0.0.tgz",
      "integrity": "sha512-EykJT/Q1KjTWctppgIAgfSO0tKVuZUjhgMr17kqTumMl6Afv3EISleU7qZUzoXDFTAHTDC4NOoG/ZxU3EvlMPQ=="
    },
    "inflight": {
      "version": "1.0.6",
      "resolved": "https://registry.npmjs.org/inflight/-/inflight-1.0.6.tgz",
      "integrity": "sha1-Sb1jMdfQLQwJvJEKEHW6gWW1bfk=",
      "requires": {
        "once": "^1.3.0",
        "wrappy": "1"
      }
    },
    "inherits": {
      "version": "2.0.4",
      "resolved": "https://registry.npmjs.org/inherits/-/inherits-2.0.4.tgz",
      "integrity": "sha512-k/vGaX4/Yla3WzyMCvTQOXYeIHvqOKtnqBduzTHpzpQZzAskKMhZ2K+EnBiSM9zGSoIFeMpXKxa4dYeZIQqewQ=="
    },
    "lodash": {
      "version": "4.17.21",
      "resolved": "https://registry.npmjs.org/lodash/-/lodash-4.17.21.tgz",
      "integrity": "sha512-v2kDEe57lecTulaDIuNTPy3Ry4gLGJ6Z1O3vE1krgXZNrsQ+LFTGHVxVjcXPs17LhbZVGedAJv8XZ1tvj5FvSg=="
    },
    "make-error": {
      "version": "1.3.6",
      "resolved": "https://registry.npmjs.org/make-error/-/make-error-1.3.6.tgz",
      "integrity": "sha512-s8UhlNe7vPKomQhC1qFelMokr/Sc3AgNbso3n74mVPA5LTZwkB9NlXf4XPamLxJE8h0gh73rM94xvwRT2CVInw=="
    },
    "minimatch": {
      "version": "3.1.2",
      "resolved": "https://registry.npmjs.org/minimatch/-/minimatch-3.1.2.tgz",
      "integrity": "sha512-J7p63hRiAjw1NDEww1W7i37+ByIrOWO5XQQAzZ3VOcL0PNybwpfmV/N05zFAzwQ9USyEcX6t3UO+K5aqBQOIHw==",
      "requires": {
        "brace-expansion": "^1.1.7"
      }
    },
    "once": {
      "version": "1.4.0",
      "resolved": "https://registry.npmjs.org/once/-/once-1.4.0.tgz",
      "integrity": "sha1-WDsap3WWHUsROsF9nFC6753Xa9E=",
      "requires": {
        "wrappy": "1"
      }
    },
    "pascalcase": {
      "version": "1.0.0",
      "resolved": "https://registry.npmjs.org/pascalcase/-/pascalcase-1.0.0.tgz",
      "integrity": "sha512-BSExi0rRnCHReJys6NocaK+cfTXNinAegfWBvr0JD3hiaEG7Nuc7r0CIdOJunXrs8gU/sbHQ9dxVAtiVQisjmg=="
    },
    "path-is-absolute": {
      "version": "1.0.1",
      "resolved": "https://registry.npmjs.org/path-is-absolute/-/path-is-absolute-1.0.1.tgz",
      "integrity": "sha1-F0uSaHNVNP+8es5r9TpanhtcX18="
    },
    "path-to-regexp": {
      "version": "6.2.0",
      "resolved": "https://registry.npmjs.org/path-to-regexp/-/path-to-regexp-6.2.0.tgz",
      "integrity": "sha512-f66KywYG6+43afgE/8j/GoiNyygk/bnoCbps++3ErRKsIYkGGupyv07R2Ok5m9i67Iqc+T2g1eAUGUPzWhYTyg=="
    },
    "prettier": {
      "version": "2.3.1",
      "resolved": "https://registry.npmjs.org/prettier/-/prettier-2.3.1.tgz",
      "integrity": "sha512-p+vNbgpLjif/+D+DwAZAbndtRrR0md0MwfmOVN9N+2RgyACMT+7tfaRnT+WDPkqnuVwleyuBIG2XBxKDme3hPA=="
    },
    "sprintf-js": {
      "version": "1.0.3",
      "resolved": "https://registry.npmjs.org/sprintf-js/-/sprintf-js-1.0.3.tgz",
      "integrity": "sha1-BOaSb2YolTVPPdAVIDYzuFcpfiw="
    },
    "supports-color": {
      "version": "7.2.0",
      "resolved": "https://registry.npmjs.org/supports-color/-/supports-color-7.2.0.tgz",
      "integrity": "sha512-qpCAvRl9stuOHveKsn7HncJRvv501qIacKzQlO/+Lwxc9+0q2wLyv4Dfvt80/DPn2pqOBsJdDiogXGR9+OvwRw==",
      "requires": {
        "has-flag": "^4.0.0"
      }
    },
    "ts-node": {
      "version": "10.6.0",
      "resolved": "https://registry.npmjs.org/ts-node/-/ts-node-10.6.0.tgz",
      "integrity": "sha512-CJen6+dfOXolxudBQXnVjRVvYTmTWbyz7cn+xq2XTsvnaXbHqr4gXSCNbS2Jj8yTZMuGwUoBESLaOkLascVVvg==",
      "requires": {
        "@cspotcode/source-map-support": "0.7.0",
        "@tsconfig/node10": "^1.0.7",
        "@tsconfig/node12": "^1.0.7",
        "@tsconfig/node14": "^1.0.0",
        "@tsconfig/node16": "^1.0.2",
        "acorn": "^8.4.1",
        "acorn-walk": "^8.1.1",
        "arg": "^4.1.0",
        "create-require": "^1.1.0",
        "diff": "^4.0.1",
        "make-error": "^1.1.1",
        "v8-compile-cache-lib": "^3.0.0",
        "yn": "3.1.1"
      }
    },
    "typescript": {
      "version": "4.6.2",
      "resolved": "https://registry.npmjs.org/typescript/-/typescript-4.6.2.tgz",
      "integrity": "sha512-HM/hFigTBHZhLXshn9sN37H085+hQGeJHJ/X7LpBWLID/fbc2acUMfU+lGD98X81sKP+pFa9f0DZmCwB9GnbAg=="
    },
    "urijs": {
      "version": "1.19.10",
      "resolved": "https://registry.npmjs.org/urijs/-/urijs-1.19.10.tgz",
      "integrity": "sha512-EzauQlgKuJgsXOqoMrCiePBf4At5jVqRhXykF3Wfb8ZsOBMxPcfiVBcsHXug4Aepb/ICm2PIgqAUGMelgdrWEg=="
    },
    "v8-compile-cache-lib": {
      "version": "3.0.0",
      "resolved": "https://registry.npmjs.org/v8-compile-cache-lib/-/v8-compile-cache-lib-3.0.0.tgz",
      "integrity": "sha512-mpSYqfsFvASnSn5qMiwrr4VKfumbPyONLCOPmsR3A6pTY/r0+tSaVbgPWSAIuzbk3lCTa+FForeTiO+wBQGkjA=="
    },
    "valid-url": {
      "version": "1.0.9",
      "resolved": "https://registry.npmjs.org/valid-url/-/valid-url-1.0.9.tgz",
      "integrity": "sha1-HBRHm0DxOXp1eC8RXkCGRHQzogA="
    },
    "wrappy": {
      "version": "1.0.2",
      "resolved": "https://registry.npmjs.org/wrappy/-/wrappy-1.0.2.tgz",
      "integrity": "sha1-tSQ9jz7BqjXxNkYFvA0QNuMKtp8="
    },
    "yamljs": {
      "version": "0.3.0",
      "resolved": "https://registry.npmjs.org/yamljs/-/yamljs-0.3.0.tgz",
      "integrity": "sha512-C/FsVVhht4iPQYXOInoxUM/1ELSf9EsgKH34FofQOp6hwCPrW4vG4w5++TED3xRUo8gD7l0P1J1dLlDYzODsTQ==",
      "requires": {
        "argparse": "^1.0.7",
        "glob": "^7.0.5"
      }
    },
    "yn": {
      "version": "3.1.1",
      "resolved": "https://registry.npmjs.org/yn/-/yn-3.1.1.tgz",
      "integrity": "sha512-Ux4ygGWsu2c7isFWe8Yu1YluJmqVhxqK2cLXNQA5AcC3QfbGNpM7fu0Y8b/z16pXLnFxZYvWhd3fhBY9DLmC6Q=="
    }
  }
}
